
Microsoft Visual Studio Solution File, Format Version 12.00
# Visual Studio Version 17
VisualStudioVersion = 17.2.32616.157
MinimumVisualStudioVersion = 10.0.40219.1
Project("{FAE04EC0-301F-11D3-BF4B-00C04F79EFBC}") = "FactorialAsk", "Factorial\FactorialAsk.csproj", "{DA889A22-4EF0-469F-8729-584C28BDFD8F}"
EndProject
Global
	GlobalSection(SolutionConfigurationPlatforms) = preSolution
		Debug|Any CPU = Debug|Any CPU
		Release|Any CPU = Release|Any CPU
	EndGlobalSection
	GlobalSection(ProjectConfigurationPlatforms) = postSolution
		{DA889A22-4EF0-469F-8729-584C28BDFD8F}.Debug|Any CPU.ActiveCfg = Debug|Any CPU
		{DA889A22-4EF0-469F-8729-584C28BDFD8F}.Debug|Any CPU.Build.0 = Debug|Any CPU
		{DA889A22-4EF0-469F-8729-584C28BDFD8F}.Release|Any CPU.ActiveCfg = Release|Any CPU
		{DA889A22-4EF0-469F-8729-584C28BDFD8F}.Release|Any CPU.Build.0 = Release|Any CPU
	EndGlobalSection
	GlobalSection(SolutionProperties) = preSolution
		HideSolutionNode = FALSE
	EndGlobalSection
	GlobalSection(ExtensibilityGlobals) = postSolution
		SolutionGuid = {09EBE776-10BE-4019-9769-545573B1BB31}
	EndGlobalSection
EndGlobal
